{
  "requires": true,
  "lockfileVersion": 1,
  "dependencies": {
    "@microsoft/office-js-helpers": {
      "version": "1.0.2",
      "resolved": "https://registry.npmjs.org/@microsoft/office-js-helpers/-/office-js-helpers-1.0.2.tgz",
      "integrity": "sha1-BAID2Qneqn+V1TknQ36igDbTczs=",
      "requires": {
        "@types/microsoftteams": "^1.2.1",
        "@types/office-js": "^0.0.51",
        "core-js": "^2.5.3",
        "lodash-es": "^4.17.5",
        "rxjs": "^5.5.6"
      }
    },
    "@types/microsoftteams": {
      "version": "1.2.2",
      "resolved": "https://registry.npmjs.org/@types/microsoftteams/-/microsoftteams-1.2.2.tgz",
      "integrity": "sha512-Tga5txTDF38hF8XEuMwLbuyBINGPPNe67dTw2dg+8J5vCUaP6qG7MH10NuqgOHt1LrxX01ZCvKgNCJ8B80tcxw=="
    },
    "@types/office-js": {
      "version": "0.0.51",
      "resolved": "https://registry.npmjs.org/@types/office-js/-/office-js-0.0.51.tgz",
      "integrity": "sha512-NIw11M12C5SDD5fsv6qd3ZG1GnLNAiLBiGBHsrW8XX1c7gYKXpAClOiOcFLGGw46cwld0XhW6EsZ6X6CEEPL/w=="
    },
    "core-js": {
      "version": "2.6.5",
      "resolved": "https://registry.npmjs.org/core-js/-/core-js-2.6.5.tgz",
      "integrity": "sha512-klh/kDpwX8hryYL14M9w/xei6vrv6sE8gTHDG7/T/+SEovB/G4ejwcfE/CBzO6Edsu+OETZMZ3wcX/EjUkrl5A=="
    },
    "lodash-es": {
      "version": "4.17.11",
      "resolved": "https://registry.npmjs.org/lodash-es/-/lodash-es-4.17.11.tgz",
      "integrity": "sha512-DHb1ub+rMjjrxqlB3H56/6MXtm1lSksDp2rA2cNWjG8mlDUYFhUj3Di2Zn5IwSU87xLv8tNIQ7sSwE/YOX/D/Q=="
    },
    "rxjs": {
      "version": "5.5.12",
      "resolved": "https://registry.npmjs.org/rxjs/-/rxjs-5.5.12.tgz",
      "integrity": "sha512-xx2itnL5sBbqeeiVgNPVuQQ1nC8Jp2WfNJhXWHmElW9YmrpS9UVnNzhP3EH3HFqexO5Tlp8GhYY+WEcqcVMvGw==",
      "requires": {
        "symbol-observable": "1.0.1"
      }
    },
    "symbol-observable": {
      "version": "1.0.1",
      "resolved": "https://registry.npmjs.org/symbol-observable/-/symbol-observable-1.0.1.tgz",
      "integrity": "sha1-g0D8RwLDEi310iKI+IKD9RPT/dQ="
    }
  }
}
